
Microsoft Visual Studio Solution File, Format Version 12.00
# Visual Studio 14
VisualStudioVersion = 14.0.25420.1
MinimumVisualStudioVersion = 10.0.40219.1
Project("{2150E333-8FDC-42A3-9474-1A3956D46DE8}") = "tips-and-tricks", "tips-and-tricks", "{A0E6DC69-53AE-4A62-A7D1-FF8A60CFE99C}"
EndProject
Project("{2150E333-8FDC-42A3-9474-1A3956D46DE8}") = "TPL", "TPL", "{CC762835-00EC-4280-842A-9C2AB8FE0548}"
EndProject
Project("{2150E333-8FDC-42A3-9474-1A3956D46DE8}") = "Linq", "Linq", "{D2C104C4-915F-4AE0-8017-08407C2FF45F}"
EndProject
Project("{FAE04EC0-301F-11D3-BF4B-00C04F79EFBC}") = "PLinq_1", "tips-and-tricks\TPL\PLinq_1\PLinq_1.csproj", "{B0E79DFD-79E9-40BA-B303-21E586E97FED}"
EndProject
Project("{FAE04EC0-301F-11D3-BF4B-00C04F79EFBC}") = "PLinq_2", "tips-and-tricks\TPL\Plinq_2\PLinq_2.csproj", "{EA72BD2A-7670-4214-A27F-15DB043DFE31}"
EndProject
Project("{FAE04EC0-301F-11D3-BF4B-00C04F79EFBC}") = "Task_1", "tips-and-tricks\TPL\Task_1\Task_1.csproj", "{F91D8144-D412-41F1-9AC7-692CE9B4D19E}"
EndProject
Project("{FAE04EC0-301F-11D3-BF4B-00C04F79EFBC}") = "Task_2", "tips-and-tricks\TPL\Task_2\Task_2.csproj", "{C4A58FA5-BCEC-430B-8CC8-59B559514564}"
EndProject
Project("{FAE04EC0-301F-11D3-BF4B-00C04F79EFBC}") = "Task_3", "tips-and-tricks\TPL\Task_3\Task_3.csproj", "{EDDD22D1-7456-4FC8-BBB9-58A639A7B805}"
EndProject
Project("{FAE04EC0-301F-11D3-BF4B-00C04F79EFBC}") = "Async_1", "tips-and-tricks\TPL\Async_1\Async_1.csproj", "{2DEE46AD-F29B-4809-9E0B-26DC1FCEF552}"
EndProject
Project("{FAE04EC0-301F-11D3-BF4B-00C04F79EFBC}") = "Async_3", "tips-and-tricks\TPL\Async_3\Async_3.csproj", "{B7AA3A4E-B72C-4458-8250-EC6712ACABD5}"
EndProject
Project("{FAE04EC0-301F-11D3-BF4B-00C04F79EFBC}") = "Task_4", "tips-and-tricks\TPL\Task_4\Task_4.csproj", "{0345DB23-6C26-418C-9866-B3F19D3649EB}"
EndProject
Project("{FAE04EC0-301F-11D3-BF4B-00C04F79EFBC}") = "PLinq_3", "tips-and-tricks\TPL\PLinq_3\PLinq_3.csproj", "{943499A5-8A7A-41B3-A5D4-4E7B6A284BDE}"
EndProject
Project("{FAE04EC0-301F-11D3-BF4B-00C04F79EFBC}") = "IEnumerable_1", "tips-and-tricks\Linq\IEnumerable_1\IEnumerable_1.csproj", "{F28E61EA-98C5-49E4-A74C-B89899D5C22F}"
EndProject
Project("{FAE04EC0-301F-11D3-BF4B-00C04F79EFBC}") = "IQueryable_1", "tips-and-tricks\Linq\IQueryable_1\IQueryable_1.csproj", "{3CE6EF90-37CD-4475-B05D-CADBC66D1704}"
EndProject
Project("{FAE04EC0-301F-11D3-BF4B-00C04F79EFBC}") = "IEnumerable_2", "tips-and-tricks\Linq\IEnumerable_2\IEnumerable_2.csproj", "{760EE34E-EB8A-40BA-84E5-EC6C31C29E40}"
EndProject
Project("{FAE04EC0-301F-11D3-BF4B-00C04F79EFBC}") = "IEnumerable_3", "tips-and-tricks\Linq\IEnumerable_3\IEnumerable_3.csproj", "{50657D6C-8B7A-444A-A667-7FD5BF24F980}"
EndProject
Project("{FAE04EC0-301F-11D3-BF4B-00C04F79EFBC}") = "IEnumerable_4", "tips-and-tricks\Linq\IEnumerable_4\IEnumerable_4.csproj", "{BBD0344A-8D1D-40A6-90AB-6998848A0006}"
EndProject
Project("{FAE04EC0-301F-11D3-BF4B-00C04F79EFBC}") = "IQueryable_2", "tips-and-tricks\Linq\IQueryable_2\IQueryable_2.csproj", "{4BB14E46-08E2-4B0F-A4C5-E7DB3967097F}"
EndProject
Project("{FAE04EC0-301F-11D3-BF4B-00C04F79EFBC}") = "IQueryable_3", "tips-and-tricks\Linq\IQueryable_3\IQueryable_3.csproj", "{7CE6A478-C9A6-4FAC-BC23-4E709C283E79}"
EndProject
Project("{2150E333-8FDC-42A3-9474-1A3956D46DE8}") = "paterns", "paterns", "{C92EAFF5-B8AA-4D6A-856C-D47551A54C21}"
EndProject
Project("{2150E333-8FDC-42A3-9474-1A3956D46DE8}") = "servicebus", "servicebus", "{3D3B5847-C190-49E3-9270-3040A2988E64}"
EndProject
Project("{2150E333-8FDC-42A3-9474-1A3956D46DE8}") = "simple", "simple", "{091FE4D9-1DB6-4B83-B094-B7D50ED837EA}"
EndProject
Project("{FAE04EC0-301F-11D3-BF4B-00C04F79EFBC}") = "Messaging", "paterns\servicebus\simple\Messaging\Messaging.csproj", "{AFE92B1C-BD1F-4F44-B142-6B0381FBDC02}"
EndProject
Project("{FAE04EC0-301F-11D3-BF4B-00C04F79EFBC}") = "Sender", "paterns\servicebus\simple\Sender\Sender.csproj", "{7A10ED8B-743D-4265-BDBD-66CD0A96DF51}"
EndProject
Project("{FAE04EC0-301F-11D3-BF4B-00C04F79EFBC}") = "Receiver", "paterns\servicebus\simple\Receiver\Receiver.csproj", "{2FECC648-6D80-4542-9C34-3F3629180BEE}"
EndProject
Project("{2150E333-8FDC-42A3-9474-1A3956D46DE8}") = "broadcast", "broadcast", "{30EAE082-3F63-4E0F-BC27-BB03455BD352}"
EndProject
Project("{FAE04EC0-301F-11D3-BF4B-00C04F79EFBC}") = "Sender", "paterns\servicebus\broadcast\Sender\Sender.csproj", "{33ED5779-9B79-4E25-8261-5256E4F046A2}"
EndProject
Project("{FAE04EC0-301F-11D3-BF4B-00C04F79EFBC}") = "Messaging", "paterns\servicebus\broadcast\Messaging\Messaging.csproj", "{FFA03AA9-9702-46E8-AD37-BD782FDF2AAC}"
EndProject
Project("{FAE04EC0-301F-11D3-BF4B-00C04F79EFBC}") = "Receiver_1", "paterns\servicebus\broadcast\Receiver_1\Receiver_1.csproj", "{B0F25201-9067-439B-B903-4BF1A0AEFE7C}"
EndProject
Project("{FAE04EC0-301F-11D3-BF4B-00C04F79EFBC}") = "Receiver_2", "paterns\servicebus\broadcast\Receiver_2\Receiver_2.csproj", "{E7114C53-7E42-468E-996C-BB647BFC182D}"
EndProject
Project("{2150E333-8FDC-42A3-9474-1A3956D46DE8}") = "PLinq", "PLinq", "{5CC32E49-D7B9-4E7C-B76B-9ED33CCDC695}"
EndProject
Project("{2150E333-8FDC-42A3-9474-1A3956D46DE8}") = "Async", "Async", "{1F063701-14F4-4029-B975-FBF4E1406BBF}"
EndProject
Project("{2150E333-8FDC-42A3-9474-1A3956D46DE8}") = "Task", "Task", "{08643841-F4AB-4246-BBFE-4B4430001E3A}"
EndProject
Project("{FAE04EC0-301F-11D3-BF4B-00C04F79EFBC}") = "Async_2", "tips-and-tricks\TPL\Async_2\Async_2.csproj", "{B64DB90D-E003-4203-AF2D-0DF435396669}"
EndProject
Project("{2150E333-8FDC-42A3-9474-1A3956D46DE8}") = "IQueryable", "IQueryable", "{B3520FC9-67A6-4E4C-98C0-2D7B21E723E0}"
EndProject
Project("{2150E333-8FDC-42A3-9474-1A3956D46DE8}") = "IEnumerable", "IEnumerable", "{7DC689F5-732F-4A9D-BF6E-07D708B98DEB}"
EndProject
Project("{FAE04EC0-301F-11D3-BF4B-00C04F79EFBC}") = "Task_5", "tips-and-tricks\TPL\Task_5\Task_5.csproj", "{6E479129-4EB9-4B55-B7E4-15AABF3EDB3A}"
EndProject
Global
	GlobalSection(SolutionConfigurationPlatforms) = preSolution
		Debug|Any CPU = Debug|Any CPU
		Release|Any CPU = Release|Any CPU
	EndGlobalSection
	GlobalSection(ProjectConfigurationPlatforms) = postSolution
		{A0E6DC69-53AE-4A62-A7D1-FF8A60CFE99C}.Debug|Any CPU.ActiveCfg = Debug|Any CPU
		{A0E6DC69-53AE-4A62-A7D1-FF8A60CFE99C}.Debug|Any CPU.Build.0 = Debug|Any CPU
		{A0E6DC69-53AE-4A62-A7D1-FF8A60CFE99C}.Release|Any CPU.ActiveCfg = Release|Any CPU
		{A0E6DC69-53AE-4A62-A7D1-FF8A60CFE99C}.Release|Any CPU.Build.0 = Release|Any CPU
		{D2C104C4-915F-4AE0-8017-08407C2FF45F}.Debug|Any CPU.ActiveCfg = Debug|Any CPU
		{D2C104C4-915F-4AE0-8017-08407C2FF45F}.Debug|Any CPU.Build.0 = Debug|Any CPU
		{D2C104C4-915F-4AE0-8017-08407C2FF45F}.Release|Any CPU.ActiveCfg = Release|Any CPU
		{D2C104C4-915F-4AE0-8017-08407C2FF45F}.Release|Any CPU.Build.0 = Release|Any CPU
		{B0E79DFD-79E9-40BA-B303-21E586E97FED}.Debug|Any CPU.ActiveCfg = Debug|Any CPU
		{B0E79DFD-79E9-40BA-B303-21E586E97FED}.Debug|Any CPU.Build.0 = Debug|Any CPU
		{B0E79DFD-79E9-40BA-B303-21E586E97FED}.Release|Any CPU.ActiveCfg = Release|Any CPU
		{B0E79DFD-79E9-40BA-B303-21E586E97FED}.Release|Any CPU.Build.0 = Release|Any CPU
		{EA72BD2A-7670-4214-A27F-15DB043DFE31}.Debug|Any CPU.ActiveCfg = Debug|Any CPU
		{EA72BD2A-7670-4214-A27F-15DB043DFE31}.Debug|Any CPU.Build.0 = Debug|Any CPU
		{EA72BD2A-7670-4214-A27F-15DB043DFE31}.Release|Any CPU.ActiveCfg = Release|Any CPU
		{EA72BD2A-7670-4214-A27F-15DB043DFE31}.Release|Any CPU.Build.0 = Release|Any CPU
		{F91D8144-D412-41F1-9AC7-692CE9B4D19E}.Debug|Any CPU.ActiveCfg = Debug|Any CPU
		{F91D8144-D412-41F1-9AC7-692CE9B4D19E}.Debug|Any CPU.Build.0 = Debug|Any CPU
		{F91D8144-D412-41F1-9AC7-692CE9B4D19E}.Release|Any CPU.ActiveCfg = Release|Any CPU
		{F91D8144-D412-41F1-9AC7-692CE9B4D19E}.Release|Any CPU.Build.0 = Release|Any CPU
		{C4A58FA5-BCEC-430B-8CC8-59B559514564}.Debug|Any CPU.ActiveCfg = Debug|Any CPU
		{C4A58FA5-BCEC-430B-8CC8-59B559514564}.Debug|Any CPU.Build.0 = Debug|Any CPU
		{C4A58FA5-BCEC-430B-8CC8-59B559514564}.Release|Any CPU.ActiveCfg = Release|Any CPU
		{C4A58FA5-BCEC-430B-8CC8-59B559514564}.Release|Any CPU.Build.0 = Release|Any CPU
		{EDDD22D1-7456-4FC8-BBB9-58A639A7B805}.Debug|Any CPU.ActiveCfg = Debug|Any CPU
		{EDDD22D1-7456-4FC8-BBB9-58A639A7B805}.Debug|Any CPU.Build.0 = Debug|Any CPU
		{EDDD22D1-7456-4FC8-BBB9-58A639A7B805}.Release|Any CPU.ActiveCfg = Release|Any CPU
		{EDDD22D1-7456-4FC8-BBB9-58A639A7B805}.Release|Any CPU.Build.0 = Release|Any CPU
		{2DEE46AD-F29B-4809-9E0B-26DC1FCEF552}.Debug|Any CPU.ActiveCfg = Debug|Any CPU
		{2DEE46AD-F29B-4809-9E0B-26DC1FCEF552}.Debug|Any CPU.Build.0 = Debug|Any CPU
		{2DEE46AD-F29B-4809-9E0B-26DC1FCEF552}.Release|Any CPU.ActiveCfg = Release|Any CPU
		{2DEE46AD-F29B-4809-9E0B-26DC1FCEF552}.Release|Any CPU.Build.0 = Release|Any CPU
		{B7AA3A4E-B72C-4458-8250-EC6712ACABD5}.Debug|Any CPU.ActiveCfg = Debug|Any CPU
		{B7AA3A4E-B72C-4458-8250-EC6712ACABD5}.Debug|Any CPU.Build.0 = Debug|Any CPU
		{B7AA3A4E-B72C-4458-8250-EC6712ACABD5}.Release|Any CPU.ActiveCfg = Release|Any CPU
		{B7AA3A4E-B72C-4458-8250-EC6712ACABD5}.Release|Any CPU.Build.0 = Release|Any CPU
		{0345DB23-6C26-418C-9866-B3F19D3649EB}.Debug|Any CPU.ActiveCfg = Debug|Any CPU
		{0345DB23-6C26-418C-9866-B3F19D3649EB}.Debug|Any CPU.Build.0 = Debug|Any CPU
		{0345DB23-6C26-418C-9866-B3F19D3649EB}.Release|Any CPU.ActiveCfg = Release|Any CPU
		{0345DB23-6C26-418C-9866-B3F19D3649EB}.Release|Any CPU.Build.0 = Release|Any CPU
		{943499A5-8A7A-41B3-A5D4-4E7B6A284BDE}.Debug|Any CPU.ActiveCfg = Debug|Any CPU
		{943499A5-8A7A-41B3-A5D4-4E7B6A284BDE}.Debug|Any CPU.Build.0 = Debug|Any CPU
		{943499A5-8A7A-41B3-A5D4-4E7B6A284BDE}.Release|Any CPU.ActiveCfg = Release|Any CPU
		{943499A5-8A7A-41B3-A5D4-4E7B6A284BDE}.Release|Any CPU.Build.0 = Release|Any CPU
		{F28E61EA-98C5-49E4-A74C-B89899D5C22F}.Debug|Any CPU.ActiveCfg = Debug|Any CPU
		{F28E61EA-98C5-49E4-A74C-B89899D5C22F}.Debug|Any CPU.Build.0 = Debug|Any CPU
		{F28E61EA-98C5-49E4-A74C-B89899D5C22F}.Release|Any CPU.ActiveCfg = Release|Any CPU
		{F28E61EA-98C5-49E4-A74C-B89899D5C22F}.Release|Any CPU.Build.0 = Release|Any CPU
		{3CE6EF90-37CD-4475-B05D-CADBC66D1704}.Debug|Any CPU.ActiveCfg = Debug|Any CPU
		{3CE6EF90-37CD-4475-B05D-CADBC66D1704}.Debug|Any CPU.Build.0 = Debug|Any CPU
		{3CE6EF90-37CD-4475-B05D-CADBC66D1704}.Release|Any CPU.ActiveCfg = Release|Any CPU
		{3CE6EF90-37CD-4475-B05D-CADBC66D1704}.Release|Any CPU.Build.0 = Release|Any CPU
		{760EE34E-EB8A-40BA-84E5-EC6C31C29E40}.Debug|Any CPU.ActiveCfg = Debug|Any CPU
		{760EE34E-EB8A-40BA-84E5-EC6C31C29E40}.Debug|Any CPU.Build.0 = Debug|Any CPU
		{760EE34E-EB8A-40BA-84E5-EC6C31C29E40}.Release|Any CPU.ActiveCfg = Release|Any CPU
		{760EE34E-EB8A-40BA-84E5-EC6C31C29E40}.Release|Any CPU.Build.0 = Release|Any CPU
		{50657D6C-8B7A-444A-A667-7FD5BF24F980}.Debug|Any CPU.ActiveCfg = Debug|Any CPU
		{50657D6C-8B7A-444A-A667-7FD5BF24F980}.Debug|Any CPU.Build.0 = Debug|Any CPU
		{50657D6C-8B7A-444A-A667-7FD5BF24F980}.Release|Any CPU.ActiveCfg = Release|Any CPU
		{50657D6C-8B7A-444A-A667-7FD5BF24F980}.Release|Any CPU.Build.0 = Release|Any CPU
		{BBD0344A-8D1D-40A6-90AB-6998848A0006}.Debug|Any CPU.ActiveCfg = Debug|Any CPU
		{BBD0344A-8D1D-40A6-90AB-6998848A0006}.Debug|Any CPU.Build.0 = Debug|Any CPU
		{BBD0344A-8D1D-40A6-90AB-6998848A0006}.Release|Any CPU.ActiveCfg = Release|Any CPU
		{BBD0344A-8D1D-40A6-90AB-6998848A0006}.Release|Any CPU.Build.0 = Release|Any CPU
		{4BB14E46-08E2-4B0F-A4C5-E7DB3967097F}.Debug|Any CPU.ActiveCfg = Debug|Any CPU
		{4BB14E46-08E2-4B0F-A4C5-E7DB3967097F}.Debug|Any CPU.Build.0 = Debug|Any CPU
		{4BB14E46-08E2-4B0F-A4C5-E7DB3967097F}.Release|Any CPU.ActiveCfg = Release|Any CPU
		{4BB14E46-08E2-4B0F-A4C5-E7DB3967097F}.Release|Any CPU.Build.0 = Release|Any CPU
		{7CE6A478-C9A6-4FAC-BC23-4E709C283E79}.Debug|Any CPU.ActiveCfg = Debug|Any CPU
		{7CE6A478-C9A6-4FAC-BC23-4E709C283E79}.Debug|Any CPU.Build.0 = Debug|Any CPU
		{7CE6A478-C9A6-4FAC-BC23-4E709C283E79}.Release|Any CPU.ActiveCfg = Release|Any CPU
		{7CE6A478-C9A6-4FAC-BC23-4E709C283E79}.Release|Any CPU.Build.0 = Release|Any CPU
		{AFE92B1C-BD1F-4F44-B142-6B0381FBDC02}.Debug|Any CPU.ActiveCfg = Debug|Any CPU
		{AFE92B1C-BD1F-4F44-B142-6B0381FBDC02}.Debug|Any CPU.Build.0 = Debug|Any CPU
		{AFE92B1C-BD1F-4F44-B142-6B0381FBDC02}.Release|Any CPU.ActiveCfg = Release|Any CPU
		{AFE92B1C-BD1F-4F44-B142-6B0381FBDC02}.Release|Any CPU.Build.0 = Release|Any CPU
		{7A10ED8B-743D-4265-BDBD-66CD0A96DF51}.Debug|Any CPU.ActiveCfg = Debug|Any CPU
		{7A10ED8B-743D-4265-BDBD-66CD0A96DF51}.Debug|Any CPU.Build.0 = Debug|Any CPU
		{7A10ED8B-743D-4265-BDBD-66CD0A96DF51}.Release|Any CPU.ActiveCfg = Release|Any CPU
		{7A10ED8B-743D-4265-BDBD-66CD0A96DF51}.Release|Any CPU.Build.0 = Release|Any CPU
		{2FECC648-6D80-4542-9C34-3F3629180BEE}.Debug|Any CPU.ActiveCfg = Debug|Any CPU
		{2FECC648-6D80-4542-9C34-3F3629180BEE}.Debug|Any CPU.Build.0 = Debug|Any CPU
		{2FECC648-6D80-4542-9C34-3F3629180BEE}.Release|Any CPU.ActiveCfg = Release|Any CPU
		{2FECC648-6D80-4542-9C34-3F3629180BEE}.Release|Any CPU.Build.0 = Release|Any CPU
		{33ED5779-9B79-4E25-8261-5256E4F046A2}.Debug|Any CPU.ActiveCfg = Debug|Any CPU
		{33ED5779-9B79-4E25-8261-5256E4F046A2}.Debug|Any CPU.Build.0 = Debug|Any CPU
		{33ED5779-9B79-4E25-8261-5256E4F046A2}.Release|Any CPU.ActiveCfg = Release|Any CPU
		{33ED5779-9B79-4E25-8261-5256E4F046A2}.Release|Any CPU.Build.0 = Release|Any CPU
		{FFA03AA9-9702-46E8-AD37-BD782FDF2AAC}.Debug|Any CPU.ActiveCfg = Debug|Any CPU
		{FFA03AA9-9702-46E8-AD37-BD782FDF2AAC}.Debug|Any CPU.Build.0 = Debug|Any CPU
		{FFA03AA9-9702-46E8-AD37-BD782FDF2AAC}.Release|Any CPU.ActiveCfg = Release|Any CPU
		{FFA03AA9-9702-46E8-AD37-BD782FDF2AAC}.Release|Any CPU.Build.0 = Release|Any CPU
		{B0F25201-9067-439B-B903-4BF1A0AEFE7C}.Debug|Any CPU.ActiveCfg = Debug|Any CPU
		{B0F25201-9067-439B-B903-4BF1A0AEFE7C}.Debug|Any CPU.Build.0 = Debug|Any CPU
		{B0F25201-9067-439B-B903-4BF1A0AEFE7C}.Release|Any CPU.ActiveCfg = Release|Any CPU
		{B0F25201-9067-439B-B903-4BF1A0AEFE7C}.Release|Any CPU.Build.0 = Release|Any CPU
		{E7114C53-7E42-468E-996C-BB647BFC182D}.Debug|Any CPU.ActiveCfg = Debug|Any CPU
		{E7114C53-7E42-468E-996C-BB647BFC182D}.Debug|Any CPU.Build.0 = Debug|Any CPU
		{E7114C53-7E42-468E-996C-BB647BFC182D}.Release|Any CPU.ActiveCfg = Release|Any CPU
		{E7114C53-7E42-468E-996C-BB647BFC182D}.Release|Any CPU.Build.0 = Release|Any CPU
		{B64DB90D-E003-4203-AF2D-0DF435396669}.Debug|Any CPU.ActiveCfg = Debug|Any CPU
		{B64DB90D-E003-4203-AF2D-0DF435396669}.Debug|Any CPU.Build.0 = Debug|Any CPU
		{B64DB90D-E003-4203-AF2D-0DF435396669}.Release|Any CPU.ActiveCfg = Release|Any CPU
		{B64DB90D-E003-4203-AF2D-0DF435396669}.Release|Any CPU.Build.0 = Release|Any CPU
		{6E479129-4EB9-4B55-B7E4-15AABF3EDB3A}.Debug|Any CPU.ActiveCfg = Debug|Any CPU
		{6E479129-4EB9-4B55-B7E4-15AABF3EDB3A}.Debug|Any CPU.Build.0 = Debug|Any CPU
		{6E479129-4EB9-4B55-B7E4-15AABF3EDB3A}.Release|Any CPU.ActiveCfg = Release|Any CPU
		{6E479129-4EB9-4B55-B7E4-15AABF3EDB3A}.Release|Any CPU.Build.0 = Release|Any CPU
	EndGlobalSection
	GlobalSection(SolutionProperties) = preSolution
		HideSolutionNode = FALSE
	EndGlobalSection
	GlobalSection(NestedProjects) = preSolution
		{CC762835-00EC-4280-842A-9C2AB8FE0548} = {A0E6DC69-53AE-4A62-A7D1-FF8A60CFE99C}
		{D2C104C4-915F-4AE0-8017-08407C2FF45F} = {A0E6DC69-53AE-4A62-A7D1-FF8A60CFE99C}
		{B0E79DFD-79E9-40BA-B303-21E586E97FED} = {5CC32E49-D7B9-4E7C-B76B-9ED33CCDC695}
		{EA72BD2A-7670-4214-A27F-15DB043DFE31} = {5CC32E49-D7B9-4E7C-B76B-9ED33CCDC695}
		{F91D8144-D412-41F1-9AC7-692CE9B4D19E} = {08643841-F4AB-4246-BBFE-4B4430001E3A}
		{C4A58FA5-BCEC-430B-8CC8-59B559514564} = {08643841-F4AB-4246-BBFE-4B4430001E3A}
		{EDDD22D1-7456-4FC8-BBB9-58A639A7B805} = {08643841-F4AB-4246-BBFE-4B4430001E3A}
		{2DEE46AD-F29B-4809-9E0B-26DC1FCEF552} = {1F063701-14F4-4029-B975-FBF4E1406BBF}
		{B7AA3A4E-B72C-4458-8250-EC6712ACABD5} = {1F063701-14F4-4029-B975-FBF4E1406BBF}
		{0345DB23-6C26-418C-9866-B3F19D3649EB} = {08643841-F4AB-4246-BBFE-4B4430001E3A}
		{943499A5-8A7A-41B3-A5D4-4E7B6A284BDE} = {5CC32E49-D7B9-4E7C-B76B-9ED33CCDC695}
		{F28E61EA-98C5-49E4-A74C-B89899D5C22F} = {7DC689F5-732F-4A9D-BF6E-07D708B98DEB}
		{3CE6EF90-37CD-4475-B05D-CADBC66D1704} = {B3520FC9-67A6-4E4C-98C0-2D7B21E723E0}
		{760EE34E-EB8A-40BA-84E5-EC6C31C29E40} = {7DC689F5-732F-4A9D-BF6E-07D708B98DEB}
		{50657D6C-8B7A-444A-A667-7FD5BF24F980} = {7DC689F5-732F-4A9D-BF6E-07D708B98DEB}
		{BBD0344A-8D1D-40A6-90AB-6998848A0006} = {7DC689F5-732F-4A9D-BF6E-07D708B98DEB}
		{4BB14E46-08E2-4B0F-A4C5-E7DB3967097F} = {B3520FC9-67A6-4E4C-98C0-2D7B21E723E0}
		{7CE6A478-C9A6-4FAC-BC23-4E709C283E79} = {B3520FC9-67A6-4E4C-98C0-2D7B21E723E0}
		{3D3B5847-C190-49E3-9270-3040A2988E64} = {C92EAFF5-B8AA-4D6A-856C-D47551A54C21}
		{091FE4D9-1DB6-4B83-B094-B7D50ED837EA} = {3D3B5847-C190-49E3-9270-3040A2988E64}
		{AFE92B1C-BD1F-4F44-B142-6B0381FBDC02} = {091FE4D9-1DB6-4B83-B094-B7D50ED837EA}
		{7A10ED8B-743D-4265-BDBD-66CD0A96DF51} = {091FE4D9-1DB6-4B83-B094-B7D50ED837EA}
		{2FECC648-6D80-4542-9C34-3F3629180BEE} = {091FE4D9-1DB6-4B83-B094-B7D50ED837EA}
		{30EAE082-3F63-4E0F-BC27-BB03455BD352} = {3D3B5847-C190-49E3-9270-3040A2988E64}
		{33ED5779-9B79-4E25-8261-5256E4F046A2} = {30EAE082-3F63-4E0F-BC27-BB03455BD352}
		{FFA03AA9-9702-46E8-AD37-BD782FDF2AAC} = {30EAE082-3F63-4E0F-BC27-BB03455BD352}
		{B0F25201-9067-439B-B903-4BF1A0AEFE7C} = {30EAE082-3F63-4E0F-BC27-BB03455BD352}
		{E7114C53-7E42-468E-996C-BB647BFC182D} = {30EAE082-3F63-4E0F-BC27-BB03455BD352}
		{5CC32E49-D7B9-4E7C-B76B-9ED33CCDC695} = {CC762835-00EC-4280-842A-9C2AB8FE0548}
		{1F063701-14F4-4029-B975-FBF4E1406BBF} = {CC762835-00EC-4280-842A-9C2AB8FE0548}
		{08643841-F4AB-4246-BBFE-4B4430001E3A} = {CC762835-00EC-4280-842A-9C2AB8FE0548}
		{B64DB90D-E003-4203-AF2D-0DF435396669} = {1F063701-14F4-4029-B975-FBF4E1406BBF}
		{B3520FC9-67A6-4E4C-98C0-2D7B21E723E0} = {D2C104C4-915F-4AE0-8017-08407C2FF45F}
		{7DC689F5-732F-4A9D-BF6E-07D708B98DEB} = {D2C104C4-915F-4AE0-8017-08407C2FF45F}
		{6E479129-4EB9-4B55-B7E4-15AABF3EDB3A} = {08643841-F4AB-4246-BBFE-4B4430001E3A}
	EndGlobalSection
EndGlobal
