
Microsoft Visual Studio Solution File, Format Version 12.00
# Visual Studio 14
VisualStudioVersion = 14.0.25420.1
MinimumVisualStudioVersion = 10.0.40219.1
Project("{2150E333-8FDC-42A3-9474-1A3956D46DE8}") = "tips-and-tricks", "tips-and-tricks", "{A0E6DC69-53AE-4A62-A7D1-FF8A60CFE99C}"
EndProject
Project("{2150E333-8FDC-42A3-9474-1A3956D46DE8}") = "TPL", "TPL", "{CC762835-00EC-4280-842A-9C2AB8FE0548}"
EndProject
Project("{2150E333-8FDC-42A3-9474-1A3956D46DE8}") = "Linq", "Linq", "{D2C104C4-915F-4AE0-8017-08407C2FF45F}"
EndProject
Project("{2150E333-8FDC-42A3-9474-1A3956D46DE8}") = "PLinq", "PLinq", "{5CC32E49-D7B9-4E7C-B76B-9ED33CCDC695}"
EndProject
Project("{2150E333-8FDC-42A3-9474-1A3956D46DE8}") = "Async", "Async", "{1F063701-14F4-4029-B975-FBF4E1406BBF}"
EndProject
Project("{2150E333-8FDC-42A3-9474-1A3956D46DE8}") = "Task", "Task", "{08643841-F4AB-4246-BBFE-4B4430001E3A}"
EndProject
Project("{2150E333-8FDC-42A3-9474-1A3956D46DE8}") = "IQueryable", "IQueryable", "{B3520FC9-67A6-4E4C-98C0-2D7B21E723E0}"
EndProject
Project("{2150E333-8FDC-42A3-9474-1A3956D46DE8}") = "IEnumerable", "IEnumerable", "{7DC689F5-732F-4A9D-BF6E-07D708B98DEB}"
EndProject
Project("{FAE04EC0-301F-11D3-BF4B-00C04F79EFBC}") = "PLinq_1", "tips-and-tricks\TPL\PLinq\PLinq_1\PLinq_1.csproj", "{B0E79DFD-79E9-40BA-B303-21E586E97FED}"
EndProject
Project("{FAE04EC0-301F-11D3-BF4B-00C04F79EFBC}") = "PLinq_2", "tips-and-tricks\TPL\PLinq\Plinq_2\PLinq_2.csproj", "{EA72BD2A-7670-4214-A27F-15DB043DFE31}"
EndProject
Project("{FAE04EC0-301F-11D3-BF4B-00C04F79EFBC}") = "PLinq_3", "tips-and-tricks\TPL\PLinq\PLinq_3\PLinq_3.csproj", "{943499A5-8A7A-41B3-A5D4-4E7B6A284BDE}"
EndProject
Project("{FAE04EC0-301F-11D3-BF4B-00C04F79EFBC}") = "Task_1", "tips-and-tricks\TPL\Task\Task_1\Task_1.csproj", "{F91D8144-D412-41F1-9AC7-692CE9B4D19E}"
EndProject
Project("{FAE04EC0-301F-11D3-BF4B-00C04F79EFBC}") = "Task_2", "tips-and-tricks\TPL\Task\Task_2\Task_2.csproj", "{C4A58FA5-BCEC-430B-8CC8-59B559514564}"
EndProject
Project("{FAE04EC0-301F-11D3-BF4B-00C04F79EFBC}") = "Task_3", "tips-and-tricks\TPL\Task\Task_3\Task_3.csproj", "{EDDD22D1-7456-4FC8-BBB9-58A639A7B805}"
EndProject
Project("{FAE04EC0-301F-11D3-BF4B-00C04F79EFBC}") = "Task_4", "tips-and-tricks\TPL\Task\Task_4\Task_4.csproj", "{0345DB23-6C26-418C-9866-B3F19D3649EB}"
EndProject
Project("{FAE04EC0-301F-11D3-BF4B-00C04F79EFBC}") = "Task_5", "tips-and-tricks\TPL\Task\Task_5\Task_5.csproj", "{6E479129-4EB9-4B55-B7E4-15AABF3EDB3A}"
EndProject
Project("{FAE04EC0-301F-11D3-BF4B-00C04F79EFBC}") = "Async_1", "tips-and-tricks\TPL\Async\Async_1\Async_1.csproj", "{2DEE46AD-F29B-4809-9E0B-26DC1FCEF552}"
EndProject
Project("{FAE04EC0-301F-11D3-BF4B-00C04F79EFBC}") = "Async_2", "tips-and-tricks\TPL\Async\Async_2\Async_2.csproj", "{B64DB90D-E003-4203-AF2D-0DF435396669}"
EndProject
Project("{FAE04EC0-301F-11D3-BF4B-00C04F79EFBC}") = "Async_3", "tips-and-tricks\TPL\Async\Async_3\Async_3.csproj", "{B7AA3A4E-B72C-4458-8250-EC6712ACABD5}"
EndProject
Project("{FAE04EC0-301F-11D3-BF4B-00C04F79EFBC}") = "IQueryable_1", "tips-and-tricks\Linq\IQueryable\IQueryable_1\IQueryable_1.csproj", "{3CE6EF90-37CD-4475-B05D-CADBC66D1704}"
EndProject
Project("{FAE04EC0-301F-11D3-BF4B-00C04F79EFBC}") = "IQueryable_2", "tips-and-tricks\Linq\IQueryable\IQueryable_2\IQueryable_2.csproj", "{4BB14E46-08E2-4B0F-A4C5-E7DB3967097F}"
EndProject
Project("{FAE04EC0-301F-11D3-BF4B-00C04F79EFBC}") = "IQueryable_3", "tips-and-tricks\Linq\IQueryable\IQueryable_3\IQueryable_3.csproj", "{7CE6A478-C9A6-4FAC-BC23-4E709C283E79}"
EndProject
Project("{FAE04EC0-301F-11D3-BF4B-00C04F79EFBC}") = "IEnumerable_1", "tips-and-tricks\Linq\IEnumerable\IEnumerable_1\IEnumerable_1.csproj", "{F28E61EA-98C5-49E4-A74C-B89899D5C22F}"
EndProject
Project("{FAE04EC0-301F-11D3-BF4B-00C04F79EFBC}") = "IEnumerable_2", "tips-and-tricks\Linq\IEnumerable\IEnumerable_2\IEnumerable_2.csproj", "{760EE34E-EB8A-40BA-84E5-EC6C31C29E40}"
EndProject
Project("{FAE04EC0-301F-11D3-BF4B-00C04F79EFBC}") = "IEnumerable_3", "tips-and-tricks\Linq\IEnumerable\IEnumerable_3\IEnumerable_3.csproj", "{50657D6C-8B7A-444A-A667-7FD5BF24F980}"
EndProject
Project("{FAE04EC0-301F-11D3-BF4B-00C04F79EFBC}") = "IEnumerable_4", "tips-and-tricks\Linq\IEnumerable\IEnumerable_4\IEnumerable_4.csproj", "{BBD0344A-8D1D-40A6-90AB-6998848A0006}"
EndProject
Project("{2150E333-8FDC-42A3-9474-1A3956D46DE8}") = "paterns", "paterns", "{C92EAFF5-B8AA-4D6A-856C-D47551A54C21}"
EndProject
Project("{2150E333-8FDC-42A3-9474-1A3956D46DE8}") = "servicebus", "servicebus", "{3D3B5847-C190-49E3-9270-3040A2988E64}"
EndProject
Project("{2150E333-8FDC-42A3-9474-1A3956D46DE8}") = "simple", "simple", "{091FE4D9-1DB6-4B83-B094-B7D50ED837EA}"
EndProject
Project("{FAE04EC0-301F-11D3-BF4B-00C04F79EFBC}") = "Messaging", "paterns\servicebus\simple\Messaging\Messaging.csproj", "{AFE92B1C-BD1F-4F44-B142-6B0381FBDC02}"
EndProject
Project("{FAE04EC0-301F-11D3-BF4B-00C04F79EFBC}") = "Sender", "paterns\servicebus\simple\Sender\Sender.csproj", "{7A10ED8B-743D-4265-BDBD-66CD0A96DF51}"
EndProject
Project("{FAE04EC0-301F-11D3-BF4B-00C04F79EFBC}") = "Receiver", "paterns\servicebus\simple\Receiver\Receiver.csproj", "{2FECC648-6D80-4542-9C34-3F3629180BEE}"
EndProject
Project("{2150E333-8FDC-42A3-9474-1A3956D46DE8}") = "broadcast", "broadcast", "{30EAE082-3F63-4E0F-BC27-BB03455BD352}"
EndProject
Project("{FAE04EC0-301F-11D3-BF4B-00C04F79EFBC}") = "Sender", "paterns\servicebus\broadcast\Sender\Sender.csproj", "{33ED5779-9B79-4E25-8261-5256E4F046A2}"
EndProject
Project("{FAE04EC0-301F-11D3-BF4B-00C04F79EFBC}") = "Messaging", "paterns\servicebus\broadcast\Messaging\Messaging.csproj", "{FFA03AA9-9702-46E8-AD37-BD782FDF2AAC}"
EndProject
Project("{FAE04EC0-301F-11D3-BF4B-00C04F79EFBC}") = "Receiver_1", "paterns\servicebus\broadcast\Receiver_1\Receiver_1.csproj", "{B0F25201-9067-439B-B903-4BF1A0AEFE7C}"
EndProject
Project("{FAE04EC0-301F-11D3-BF4B-00C04F79EFBC}") = "Receiver_2", "paterns\servicebus\broadcast\Receiver_2\Receiver_2.csproj", "{E7114C53-7E42-468E-996C-BB647BFC182D}"
EndProject
Project("{2150E333-8FDC-42A3-9474-1A3956D46DE8}") = "actor-model", "actor-model", "{0B7F4BA6-6BC1-4E42-9B09-BB99904C7E24}"
EndProject
Project("{FAE04EC0-301F-11D3-BF4B-00C04F79EFBC}") = "ActorTypes", "paterns\actor-model\ActorTypes\ActorTypes.csproj", "{E9B633BC-8FF2-4A0A-9587-E4B083D48963}"
EndProject
Project("{FAE04EC0-301F-11D3-BF4B-00C04F79EFBC}") = "ActorDialogue", "paterns\actor-model\ActorDialogue\ActorDialogue.csproj", "{F96328FF-C863-4BEC-8E6E-EFBE82DA22BA}"
EndProject
Project("{FAE04EC0-301F-11D3-BF4B-00C04F79EFBC}") = "ActorSupervisorStrategy", "paterns\actor-model\SupervisorStrategy\ActorSupervisorStrategy.csproj", "{2C6D0F0C-789C-4472-8CC5-C0E8726F6FD3}"
EndProject
Project("{FAE04EC0-301F-11D3-BF4B-00C04F79EFBC}") = "ActorScheduler", "paterns\actor-model\ActorScheduler\ActorScheduler.csproj", "{34C8D4D0-5060-4E50-B6FF-4C16CE298C34}"
EndProject
Project("{FAE04EC0-301F-11D3-BF4B-00C04F79EFBC}") = "Async_4", "tips-and-tricks\TPL\Async\Async_4\Async_4.csproj", "{4CF756CE-64AA-4E04-9436-AF7C97A43386}"
EndProject
Project("{2150E333-8FDC-42A3-9474-1A3956D46DE8}") = "pipeto", "pipeto", "{404DE142-2B8F-4859-8C5F-8124A3540BE4}"
EndProject
Project("{FAE04EC0-301F-11D3-BF4B-00C04F79EFBC}") = "ActorPipeTo_1", "paterns\actor-model\pipeto\ActorPipeTo_1\ActorPipeTo_1.csproj", "{7668B9F6-E050-42BA-99E4-A397CA3DFA85}"
EndProject
Project("{FAE04EC0-301F-11D3-BF4B-00C04F79EFBC}") = "ActorPipeTo_2", "paterns\actor-model\pipeto\ActorPipeTo_2\ActorPipeTo_2.csproj", "{FB17C4BA-7FB9-411D-8C16-E551E220EDB0}"
EndProject
Project("{FAE04EC0-301F-11D3-BF4B-00C04F79EFBC}") = "ActorPipeTo_3", "paterns\actor-model\pipeto\ActorPipeTo_3\ActorPipeTo_3.csproj", "{612CB0FF-1CED-49A1-9FF2-0E9C98F2B2AB}"
EndProject
Project("{FAE04EC0-301F-11D3-BF4B-00C04F79EFBC}") = "ActorStopping", "paterns\actor-model\ActorStopping\ActorStopping.csproj", "{D2B9B0DB-780B-4E9B-BB9B-56560CEF17F6}"
EndProject
Project("{FAE04EC0-301F-11D3-BF4B-00C04F79EFBC}") = "ActorStashing", "paterns\actor-model\ActorStashing\ActorStashing.csproj", "{6E1F2E5E-AD2B-482B-B835-58798A6AA5C7}"
EndProject
Project("{2150E333-8FDC-42A3-9474-1A3956D46DE8}") = "remote", "remote", "{CB464000-F87D-44A4-8BF5-C6A287054B25}"
EndProject
Project("{FAE04EC0-301F-11D3-BF4B-00C04F79EFBC}") = "RemoteActor.Common", "paterns\actor-model\remote\RemoteActor.Common\RemoteActor.Common.csproj", "{ECF0690D-B337-4D7E-B2B1-6E4DDB7BAD52}"
EndProject
Project("{FAE04EC0-301F-11D3-BF4B-00C04F79EFBC}") = "RemoteActor.Local", "paterns\actor-model\remote\RemoteActor.Local\RemoteActor.Local.csproj", "{699AC191-D620-4AA9-822C-DFD95935C148}"
EndProject
Project("{FAE04EC0-301F-11D3-BF4B-00C04F79EFBC}") = "RemoteActor.Remote", "paterns\actor-model\remote\RemoteActor.Remote\RemoteActor.Remote.csproj", "{189496FE-7105-42EA-9DA7-F8BB6C3A872B}"
EndProject
Project("{2150E333-8FDC-42A3-9474-1A3956D46DE8}") = "persistence", "persistence", "{A985A11F-D0B5-420F-94B6-EF2F6A9B4167}"
EndProject
Project("{FAE04EC0-301F-11D3-BF4B-00C04F79EFBC}") = "ActorPersistence", "paterns\actor-model\persistence\ActorPersistence\ActorPersistence.csproj", "{A149395B-8E54-45D4-83FE-0408EC58F82F}"
EndProject
Project("{FAE04EC0-301F-11D3-BF4B-00C04F79EFBC}") = "ActorPersistenceCommandEvent", "paterns\actor-model\persistence\ActorPersistenceCommandEvent\ActorPersistenceCommandEvent.csproj", "{13493F5C-F9AB-4F85-A45C-945F99CF2C39}"
EndProject
Project("{2150E333-8FDC-42A3-9474-1A3956D46DE8}") = "routers", "routers", "{B94E6E9F-0F7F-4FBF-9000-46A4DC5B2970}"
EndProject
Project("{FAE04EC0-301F-11D3-BF4B-00C04F79EFBC}") = "ActorRouters", "paterns\actor-model\routers\ActorRouters\ActorRouters.csproj", "{9A9E51FB-3335-4377-ABF1-021B9B367506}"
EndProject
Project("{FAE04EC0-301F-11D3-BF4B-00C04F79EFBC}") = "ActorRouters.HOCON", "paterns\actor-model\routers\ActorRoutersHOCON\ActorRouters.HOCON.csproj", "{2F6A2584-B187-420C-B314-A6756E1EE4AC}"
EndProject
Project("{2150E333-8FDC-42A3-9474-1A3956D46DE8}") = "switchable-behaviors", "switchable-behaviors", "{52768F37-A6FE-470D-A244-C35A7465521D}"
EndProject
Project("{FAE04EC0-301F-11D3-BF4B-00C04F79EFBC}") = "ActorBecome", "paterns\actor-model\switchable-behaviors\ActorBecome\ActorBecome.csproj", "{286B36BF-C651-42C9-91DD-97E1420B0150}"
EndProject
Project("{FAE04EC0-301F-11D3-BF4B-00C04F79EFBC}") = "ActorStacked", "paterns\actor-model\switchable-behaviors\ActorStacked\ActorStacked.csproj", "{E10740B3-1FE8-4534-841E-A214690C0E41}"
EndProject
Project("{2150E333-8FDC-42A3-9474-1A3956D46DE8}") = "cluster", "cluster", "{5F98E315-517D-4EF1-AB6E-CAF958FE33F6}"
EndProject
Project("{FAE04EC0-301F-11D3-BF4B-00C04F79EFBC}") = "ActorCluster", "paterns\actor-model\cluster\ActorCluster\ActorCluster.csproj", "{024CA0B4-C12C-4185-81AD-722F916F7144}"
EndProject
Project("{FAE04EC0-301F-11D3-BF4B-00C04F79EFBC}") = "Lighthouse", "paterns\actor-model\cluster\Lighthouse\Lighthouse.csproj", "{87BE1ABF-1F59-41AB-A3CB-4B1E7E0B218A}"
EndProject
Project("{2150E333-8FDC-42A3-9474-1A3956D46DE8}") = "functional", "functional", "{9AB83A62-72D4-4DF7-A475-5AAD20AB413E}"
EndProject
Project("{FAE04EC0-301F-11D3-BF4B-00C04F79EFBC}") = "FunctionalDemo", "functional\FunctionalDemo\FunctionalDemo.csproj", "{D46F2170-663B-43F5-A7CF-6107DCDCCA0E}"
EndProject
Project("{2150E333-8FDC-42A3-9474-1A3956D46DE8}") = "testing", "testing", "{6F6602B9-3C53-4909-A339-D93AC3F8DC0C}"
EndProject
Project("{FAE04EC0-301F-11D3-BF4B-00C04F79EFBC}") = "OwnUnitTestFramework", "testing\OwnUnitTestFramework\OwnUnitTestFramework.csproj", "{A6072FB6-1B5F-4F27-B03B-C4E34D3FABD9}"
EndProject
Project("{FAE04EC0-301F-11D3-BF4B-00C04F79EFBC}") = "UnitTest_1", "testing\UnitTest_1\UnitTest_1.csproj", "{4EC67F1E-D26F-41DD-A3B2-2FB7247CEBCE}"
EndProject
Project("{FAE04EC0-301F-11D3-BF4B-00C04F79EFBC}") = "UnitTest_2", "testing\UnitTest_2\UnitTest_2.csproj", "{BECBE9BA-02AD-40F8-8D24-30A59B9ED211}"
EndProject
Project("{FAE04EC0-301F-11D3-BF4B-00C04F79EFBC}") = "UnitTest_3", "testing\UnitTest_3\UnitTest_3.csproj", "{B0AF62CF-8CC8-4440-ACCA-49D08243BDD5}"
EndProject
Project("{FAE04EC0-301F-11D3-BF4B-00C04F79EFBC}") = "SpecFlow_1", "testing\SpecFlow_1\SpecFlow_1.csproj", "{399BF322-3A7B-4FD7-BFE7-089417ADF67F}"
EndProject
Project("{FAE04EC0-301F-11D3-BF4B-00C04F79EFBC}") = "SpecFlow_2", "testing\SpecFlow_2\SpecFlow_2.csproj", "{6DFA750B-C9C6-40D9-88C6-DD572708D1B3}"
EndProject
Global
	GlobalSection(SolutionConfigurationPlatforms) = preSolution
		Debug|Any CPU = Debug|Any CPU
		Release|Any CPU = Release|Any CPU
	EndGlobalSection
	GlobalSection(ProjectConfigurationPlatforms) = postSolution
		{A0E6DC69-53AE-4A62-A7D1-FF8A60CFE99C}.Debug|Any CPU.ActiveCfg = Debug|Any CPU
		{A0E6DC69-53AE-4A62-A7D1-FF8A60CFE99C}.Debug|Any CPU.Build.0 = Debug|Any CPU
		{A0E6DC69-53AE-4A62-A7D1-FF8A60CFE99C}.Release|Any CPU.ActiveCfg = Release|Any CPU
		{A0E6DC69-53AE-4A62-A7D1-FF8A60CFE99C}.Release|Any CPU.Build.0 = Release|Any CPU
		{D2C104C4-915F-4AE0-8017-08407C2FF45F}.Debug|Any CPU.ActiveCfg = Debug|Any CPU
		{D2C104C4-915F-4AE0-8017-08407C2FF45F}.Debug|Any CPU.Build.0 = Debug|Any CPU
		{D2C104C4-915F-4AE0-8017-08407C2FF45F}.Release|Any CPU.ActiveCfg = Release|Any CPU
		{D2C104C4-915F-4AE0-8017-08407C2FF45F}.Release|Any CPU.Build.0 = Release|Any CPU
		{B0E79DFD-79E9-40BA-B303-21E586E97FED}.Debug|Any CPU.ActiveCfg = Debug|Any CPU
		{B0E79DFD-79E9-40BA-B303-21E586E97FED}.Debug|Any CPU.Build.0 = Debug|Any CPU
		{B0E79DFD-79E9-40BA-B303-21E586E97FED}.Release|Any CPU.ActiveCfg = Release|Any CPU
		{B0E79DFD-79E9-40BA-B303-21E586E97FED}.Release|Any CPU.Build.0 = Release|Any CPU
		{EA72BD2A-7670-4214-A27F-15DB043DFE31}.Debug|Any CPU.ActiveCfg = Debug|Any CPU
		{EA72BD2A-7670-4214-A27F-15DB043DFE31}.Debug|Any CPU.Build.0 = Debug|Any CPU
		{EA72BD2A-7670-4214-A27F-15DB043DFE31}.Release|Any CPU.ActiveCfg = Release|Any CPU
		{EA72BD2A-7670-4214-A27F-15DB043DFE31}.Release|Any CPU.Build.0 = Release|Any CPU
		{943499A5-8A7A-41B3-A5D4-4E7B6A284BDE}.Debug|Any CPU.ActiveCfg = Debug|Any CPU
		{943499A5-8A7A-41B3-A5D4-4E7B6A284BDE}.Debug|Any CPU.Build.0 = Debug|Any CPU
		{943499A5-8A7A-41B3-A5D4-4E7B6A284BDE}.Release|Any CPU.ActiveCfg = Release|Any CPU
		{943499A5-8A7A-41B3-A5D4-4E7B6A284BDE}.Release|Any CPU.Build.0 = Release|Any CPU
		{F91D8144-D412-41F1-9AC7-692CE9B4D19E}.Debug|Any CPU.ActiveCfg = Debug|Any CPU
		{F91D8144-D412-41F1-9AC7-692CE9B4D19E}.Debug|Any CPU.Build.0 = Debug|Any CPU
		{F91D8144-D412-41F1-9AC7-692CE9B4D19E}.Release|Any CPU.ActiveCfg = Release|Any CPU
		{F91D8144-D412-41F1-9AC7-692CE9B4D19E}.Release|Any CPU.Build.0 = Release|Any CPU
		{C4A58FA5-BCEC-430B-8CC8-59B559514564}.Debug|Any CPU.ActiveCfg = Debug|Any CPU
		{C4A58FA5-BCEC-430B-8CC8-59B559514564}.Debug|Any CPU.Build.0 = Debug|Any CPU
		{C4A58FA5-BCEC-430B-8CC8-59B559514564}.Release|Any CPU.ActiveCfg = Release|Any CPU
		{C4A58FA5-BCEC-430B-8CC8-59B559514564}.Release|Any CPU.Build.0 = Release|Any CPU
		{EDDD22D1-7456-4FC8-BBB9-58A639A7B805}.Debug|Any CPU.ActiveCfg = Debug|Any CPU
		{EDDD22D1-7456-4FC8-BBB9-58A639A7B805}.Debug|Any CPU.Build.0 = Debug|Any CPU
		{EDDD22D1-7456-4FC8-BBB9-58A639A7B805}.Release|Any CPU.ActiveCfg = Release|Any CPU
		{EDDD22D1-7456-4FC8-BBB9-58A639A7B805}.Release|Any CPU.Build.0 = Release|Any CPU
		{0345DB23-6C26-418C-9866-B3F19D3649EB}.Debug|Any CPU.ActiveCfg = Debug|Any CPU
		{0345DB23-6C26-418C-9866-B3F19D3649EB}.Debug|Any CPU.Build.0 = Debug|Any CPU
		{0345DB23-6C26-418C-9866-B3F19D3649EB}.Release|Any CPU.ActiveCfg = Release|Any CPU
		{0345DB23-6C26-418C-9866-B3F19D3649EB}.Release|Any CPU.Build.0 = Release|Any CPU
		{6E479129-4EB9-4B55-B7E4-15AABF3EDB3A}.Debug|Any CPU.ActiveCfg = Debug|Any CPU
		{6E479129-4EB9-4B55-B7E4-15AABF3EDB3A}.Debug|Any CPU.Build.0 = Debug|Any CPU
		{6E479129-4EB9-4B55-B7E4-15AABF3EDB3A}.Release|Any CPU.ActiveCfg = Release|Any CPU
		{6E479129-4EB9-4B55-B7E4-15AABF3EDB3A}.Release|Any CPU.Build.0 = Release|Any CPU
		{2DEE46AD-F29B-4809-9E0B-26DC1FCEF552}.Debug|Any CPU.ActiveCfg = Debug|Any CPU
		{2DEE46AD-F29B-4809-9E0B-26DC1FCEF552}.Debug|Any CPU.Build.0 = Debug|Any CPU
		{2DEE46AD-F29B-4809-9E0B-26DC1FCEF552}.Release|Any CPU.ActiveCfg = Release|Any CPU
		{2DEE46AD-F29B-4809-9E0B-26DC1FCEF552}.Release|Any CPU.Build.0 = Release|Any CPU
		{B64DB90D-E003-4203-AF2D-0DF435396669}.Debug|Any CPU.ActiveCfg = Debug|Any CPU
		{B64DB90D-E003-4203-AF2D-0DF435396669}.Debug|Any CPU.Build.0 = Debug|Any CPU
		{B64DB90D-E003-4203-AF2D-0DF435396669}.Release|Any CPU.ActiveCfg = Release|Any CPU
		{B64DB90D-E003-4203-AF2D-0DF435396669}.Release|Any CPU.Build.0 = Release|Any CPU
		{B7AA3A4E-B72C-4458-8250-EC6712ACABD5}.Debug|Any CPU.ActiveCfg = Debug|Any CPU
		{B7AA3A4E-B72C-4458-8250-EC6712ACABD5}.Debug|Any CPU.Build.0 = Debug|Any CPU
		{B7AA3A4E-B72C-4458-8250-EC6712ACABD5}.Release|Any CPU.ActiveCfg = Release|Any CPU
		{B7AA3A4E-B72C-4458-8250-EC6712ACABD5}.Release|Any CPU.Build.0 = Release|Any CPU
		{3CE6EF90-37CD-4475-B05D-CADBC66D1704}.Debug|Any CPU.ActiveCfg = Debug|Any CPU
		{3CE6EF90-37CD-4475-B05D-CADBC66D1704}.Debug|Any CPU.Build.0 = Debug|Any CPU
		{3CE6EF90-37CD-4475-B05D-CADBC66D1704}.Release|Any CPU.ActiveCfg = Release|Any CPU
		{3CE6EF90-37CD-4475-B05D-CADBC66D1704}.Release|Any CPU.Build.0 = Release|Any CPU
		{4BB14E46-08E2-4B0F-A4C5-E7DB3967097F}.Debug|Any CPU.ActiveCfg = Debug|Any CPU
		{4BB14E46-08E2-4B0F-A4C5-E7DB3967097F}.Debug|Any CPU.Build.0 = Debug|Any CPU
		{4BB14E46-08E2-4B0F-A4C5-E7DB3967097F}.Release|Any CPU.ActiveCfg = Release|Any CPU
		{4BB14E46-08E2-4B0F-A4C5-E7DB3967097F}.Release|Any CPU.Build.0 = Release|Any CPU
		{7CE6A478-C9A6-4FAC-BC23-4E709C283E79}.Debug|Any CPU.ActiveCfg = Debug|Any CPU
		{7CE6A478-C9A6-4FAC-BC23-4E709C283E79}.Debug|Any CPU.Build.0 = Debug|Any CPU
		{7CE6A478-C9A6-4FAC-BC23-4E709C283E79}.Release|Any CPU.ActiveCfg = Release|Any CPU
		{7CE6A478-C9A6-4FAC-BC23-4E709C283E79}.Release|Any CPU.Build.0 = Release|Any CPU
		{F28E61EA-98C5-49E4-A74C-B89899D5C22F}.Debug|Any CPU.ActiveCfg = Debug|Any CPU
		{F28E61EA-98C5-49E4-A74C-B89899D5C22F}.Debug|Any CPU.Build.0 = Debug|Any CPU
		{F28E61EA-98C5-49E4-A74C-B89899D5C22F}.Release|Any CPU.ActiveCfg = Release|Any CPU
		{F28E61EA-98C5-49E4-A74C-B89899D5C22F}.Release|Any CPU.Build.0 = Release|Any CPU
		{760EE34E-EB8A-40BA-84E5-EC6C31C29E40}.Debug|Any CPU.ActiveCfg = Debug|Any CPU
		{760EE34E-EB8A-40BA-84E5-EC6C31C29E40}.Debug|Any CPU.Build.0 = Debug|Any CPU
		{760EE34E-EB8A-40BA-84E5-EC6C31C29E40}.Release|Any CPU.ActiveCfg = Release|Any CPU
		{760EE34E-EB8A-40BA-84E5-EC6C31C29E40}.Release|Any CPU.Build.0 = Release|Any CPU
		{50657D6C-8B7A-444A-A667-7FD5BF24F980}.Debug|Any CPU.ActiveCfg = Debug|Any CPU
		{50657D6C-8B7A-444A-A667-7FD5BF24F980}.Debug|Any CPU.Build.0 = Debug|Any CPU
		{50657D6C-8B7A-444A-A667-7FD5BF24F980}.Release|Any CPU.ActiveCfg = Release|Any CPU
		{50657D6C-8B7A-444A-A667-7FD5BF24F980}.Release|Any CPU.Build.0 = Release|Any CPU
		{BBD0344A-8D1D-40A6-90AB-6998848A0006}.Debug|Any CPU.ActiveCfg = Debug|Any CPU
		{BBD0344A-8D1D-40A6-90AB-6998848A0006}.Debug|Any CPU.Build.0 = Debug|Any CPU
		{BBD0344A-8D1D-40A6-90AB-6998848A0006}.Release|Any CPU.ActiveCfg = Release|Any CPU
		{BBD0344A-8D1D-40A6-90AB-6998848A0006}.Release|Any CPU.Build.0 = Release|Any CPU
		{AFE92B1C-BD1F-4F44-B142-6B0381FBDC02}.Debug|Any CPU.ActiveCfg = Debug|Any CPU
		{AFE92B1C-BD1F-4F44-B142-6B0381FBDC02}.Debug|Any CPU.Build.0 = Debug|Any CPU
		{AFE92B1C-BD1F-4F44-B142-6B0381FBDC02}.Release|Any CPU.ActiveCfg = Release|Any CPU
		{AFE92B1C-BD1F-4F44-B142-6B0381FBDC02}.Release|Any CPU.Build.0 = Release|Any CPU
		{7A10ED8B-743D-4265-BDBD-66CD0A96DF51}.Debug|Any CPU.ActiveCfg = Debug|Any CPU
		{7A10ED8B-743D-4265-BDBD-66CD0A96DF51}.Debug|Any CPU.Build.0 = Debug|Any CPU
		{7A10ED8B-743D-4265-BDBD-66CD0A96DF51}.Release|Any CPU.ActiveCfg = Release|Any CPU
		{7A10ED8B-743D-4265-BDBD-66CD0A96DF51}.Release|Any CPU.Build.0 = Release|Any CPU
		{2FECC648-6D80-4542-9C34-3F3629180BEE}.Debug|Any CPU.ActiveCfg = Debug|Any CPU
		{2FECC648-6D80-4542-9C34-3F3629180BEE}.Debug|Any CPU.Build.0 = Debug|Any CPU
		{2FECC648-6D80-4542-9C34-3F3629180BEE}.Release|Any CPU.ActiveCfg = Release|Any CPU
		{2FECC648-6D80-4542-9C34-3F3629180BEE}.Release|Any CPU.Build.0 = Release|Any CPU
		{33ED5779-9B79-4E25-8261-5256E4F046A2}.Debug|Any CPU.ActiveCfg = Debug|Any CPU
		{33ED5779-9B79-4E25-8261-5256E4F046A2}.Debug|Any CPU.Build.0 = Debug|Any CPU
		{33ED5779-9B79-4E25-8261-5256E4F046A2}.Release|Any CPU.ActiveCfg = Release|Any CPU
		{33ED5779-9B79-4E25-8261-5256E4F046A2}.Release|Any CPU.Build.0 = Release|Any CPU
		{FFA03AA9-9702-46E8-AD37-BD782FDF2AAC}.Debug|Any CPU.ActiveCfg = Debug|Any CPU
		{FFA03AA9-9702-46E8-AD37-BD782FDF2AAC}.Debug|Any CPU.Build.0 = Debug|Any CPU
		{FFA03AA9-9702-46E8-AD37-BD782FDF2AAC}.Release|Any CPU.ActiveCfg = Release|Any CPU
		{FFA03AA9-9702-46E8-AD37-BD782FDF2AAC}.Release|Any CPU.Build.0 = Release|Any CPU
		{B0F25201-9067-439B-B903-4BF1A0AEFE7C}.Debug|Any CPU.ActiveCfg = Debug|Any CPU
		{B0F25201-9067-439B-B903-4BF1A0AEFE7C}.Debug|Any CPU.Build.0 = Debug|Any CPU
		{B0F25201-9067-439B-B903-4BF1A0AEFE7C}.Release|Any CPU.ActiveCfg = Release|Any CPU
		{B0F25201-9067-439B-B903-4BF1A0AEFE7C}.Release|Any CPU.Build.0 = Release|Any CPU
		{E7114C53-7E42-468E-996C-BB647BFC182D}.Debug|Any CPU.ActiveCfg = Debug|Any CPU
		{E7114C53-7E42-468E-996C-BB647BFC182D}.Debug|Any CPU.Build.0 = Debug|Any CPU
		{E7114C53-7E42-468E-996C-BB647BFC182D}.Release|Any CPU.ActiveCfg = Release|Any CPU
		{E7114C53-7E42-468E-996C-BB647BFC182D}.Release|Any CPU.Build.0 = Release|Any CPU
		{E9B633BC-8FF2-4A0A-9587-E4B083D48963}.Debug|Any CPU.ActiveCfg = Debug|Any CPU
		{E9B633BC-8FF2-4A0A-9587-E4B083D48963}.Debug|Any CPU.Build.0 = Debug|Any CPU
		{E9B633BC-8FF2-4A0A-9587-E4B083D48963}.Release|Any CPU.ActiveCfg = Release|Any CPU
		{E9B633BC-8FF2-4A0A-9587-E4B083D48963}.Release|Any CPU.Build.0 = Release|Any CPU
		{F96328FF-C863-4BEC-8E6E-EFBE82DA22BA}.Debug|Any CPU.ActiveCfg = Debug|Any CPU
		{F96328FF-C863-4BEC-8E6E-EFBE82DA22BA}.Debug|Any CPU.Build.0 = Debug|Any CPU
		{F96328FF-C863-4BEC-8E6E-EFBE82DA22BA}.Release|Any CPU.ActiveCfg = Release|Any CPU
		{F96328FF-C863-4BEC-8E6E-EFBE82DA22BA}.Release|Any CPU.Build.0 = Release|Any CPU
		{2C6D0F0C-789C-4472-8CC5-C0E8726F6FD3}.Debug|Any CPU.ActiveCfg = Debug|Any CPU
		{2C6D0F0C-789C-4472-8CC5-C0E8726F6FD3}.Debug|Any CPU.Build.0 = Debug|Any CPU
		{2C6D0F0C-789C-4472-8CC5-C0E8726F6FD3}.Release|Any CPU.ActiveCfg = Release|Any CPU
		{2C6D0F0C-789C-4472-8CC5-C0E8726F6FD3}.Release|Any CPU.Build.0 = Release|Any CPU
		{34C8D4D0-5060-4E50-B6FF-4C16CE298C34}.Debug|Any CPU.ActiveCfg = Debug|Any CPU
		{34C8D4D0-5060-4E50-B6FF-4C16CE298C34}.Debug|Any CPU.Build.0 = Debug|Any CPU
		{34C8D4D0-5060-4E50-B6FF-4C16CE298C34}.Release|Any CPU.ActiveCfg = Release|Any CPU
		{34C8D4D0-5060-4E50-B6FF-4C16CE298C34}.Release|Any CPU.Build.0 = Release|Any CPU
		{4CF756CE-64AA-4E04-9436-AF7C97A43386}.Debug|Any CPU.ActiveCfg = Debug|Any CPU
		{4CF756CE-64AA-4E04-9436-AF7C97A43386}.Debug|Any CPU.Build.0 = Debug|Any CPU
		{4CF756CE-64AA-4E04-9436-AF7C97A43386}.Release|Any CPU.ActiveCfg = Release|Any CPU
		{4CF756CE-64AA-4E04-9436-AF7C97A43386}.Release|Any CPU.Build.0 = Release|Any CPU
		{7668B9F6-E050-42BA-99E4-A397CA3DFA85}.Debug|Any CPU.ActiveCfg = Debug|Any CPU
		{7668B9F6-E050-42BA-99E4-A397CA3DFA85}.Debug|Any CPU.Build.0 = Debug|Any CPU
		{7668B9F6-E050-42BA-99E4-A397CA3DFA85}.Release|Any CPU.ActiveCfg = Release|Any CPU
		{7668B9F6-E050-42BA-99E4-A397CA3DFA85}.Release|Any CPU.Build.0 = Release|Any CPU
		{FB17C4BA-7FB9-411D-8C16-E551E220EDB0}.Debug|Any CPU.ActiveCfg = Debug|Any CPU
		{FB17C4BA-7FB9-411D-8C16-E551E220EDB0}.Debug|Any CPU.Build.0 = Debug|Any CPU
		{FB17C4BA-7FB9-411D-8C16-E551E220EDB0}.Release|Any CPU.ActiveCfg = Release|Any CPU
		{FB17C4BA-7FB9-411D-8C16-E551E220EDB0}.Release|Any CPU.Build.0 = Release|Any CPU
		{612CB0FF-1CED-49A1-9FF2-0E9C98F2B2AB}.Debug|Any CPU.ActiveCfg = Debug|Any CPU
		{612CB0FF-1CED-49A1-9FF2-0E9C98F2B2AB}.Debug|Any CPU.Build.0 = Debug|Any CPU
		{612CB0FF-1CED-49A1-9FF2-0E9C98F2B2AB}.Release|Any CPU.ActiveCfg = Release|Any CPU
		{612CB0FF-1CED-49A1-9FF2-0E9C98F2B2AB}.Release|Any CPU.Build.0 = Release|Any CPU
		{D2B9B0DB-780B-4E9B-BB9B-56560CEF17F6}.Debug|Any CPU.ActiveCfg = Debug|Any CPU
		{D2B9B0DB-780B-4E9B-BB9B-56560CEF17F6}.Debug|Any CPU.Build.0 = Debug|Any CPU
		{D2B9B0DB-780B-4E9B-BB9B-56560CEF17F6}.Release|Any CPU.ActiveCfg = Release|Any CPU
		{D2B9B0DB-780B-4E9B-BB9B-56560CEF17F6}.Release|Any CPU.Build.0 = Release|Any CPU
		{6E1F2E5E-AD2B-482B-B835-58798A6AA5C7}.Debug|Any CPU.ActiveCfg = Debug|Any CPU
		{6E1F2E5E-AD2B-482B-B835-58798A6AA5C7}.Debug|Any CPU.Build.0 = Debug|Any CPU
		{6E1F2E5E-AD2B-482B-B835-58798A6AA5C7}.Release|Any CPU.ActiveCfg = Release|Any CPU
		{6E1F2E5E-AD2B-482B-B835-58798A6AA5C7}.Release|Any CPU.Build.0 = Release|Any CPU
		{ECF0690D-B337-4D7E-B2B1-6E4DDB7BAD52}.Debug|Any CPU.ActiveCfg = Debug|Any CPU
		{ECF0690D-B337-4D7E-B2B1-6E4DDB7BAD52}.Debug|Any CPU.Build.0 = Debug|Any CPU
		{ECF0690D-B337-4D7E-B2B1-6E4DDB7BAD52}.Release|Any CPU.ActiveCfg = Release|Any CPU
		{ECF0690D-B337-4D7E-B2B1-6E4DDB7BAD52}.Release|Any CPU.Build.0 = Release|Any CPU
		{699AC191-D620-4AA9-822C-DFD95935C148}.Debug|Any CPU.ActiveCfg = Debug|Any CPU
		{699AC191-D620-4AA9-822C-DFD95935C148}.Debug|Any CPU.Build.0 = Debug|Any CPU
		{699AC191-D620-4AA9-822C-DFD95935C148}.Release|Any CPU.ActiveCfg = Release|Any CPU
		{699AC191-D620-4AA9-822C-DFD95935C148}.Release|Any CPU.Build.0 = Release|Any CPU
		{189496FE-7105-42EA-9DA7-F8BB6C3A872B}.Debug|Any CPU.ActiveCfg = Debug|Any CPU
		{189496FE-7105-42EA-9DA7-F8BB6C3A872B}.Debug|Any CPU.Build.0 = Debug|Any CPU
		{189496FE-7105-42EA-9DA7-F8BB6C3A872B}.Release|Any CPU.ActiveCfg = Release|Any CPU
		{189496FE-7105-42EA-9DA7-F8BB6C3A872B}.Release|Any CPU.Build.0 = Release|Any CPU
		{A149395B-8E54-45D4-83FE-0408EC58F82F}.Debug|Any CPU.ActiveCfg = Debug|Any CPU
		{A149395B-8E54-45D4-83FE-0408EC58F82F}.Debug|Any CPU.Build.0 = Debug|Any CPU
		{A149395B-8E54-45D4-83FE-0408EC58F82F}.Release|Any CPU.ActiveCfg = Release|Any CPU
		{A149395B-8E54-45D4-83FE-0408EC58F82F}.Release|Any CPU.Build.0 = Release|Any CPU
		{13493F5C-F9AB-4F85-A45C-945F99CF2C39}.Debug|Any CPU.ActiveCfg = Debug|Any CPU
		{13493F5C-F9AB-4F85-A45C-945F99CF2C39}.Debug|Any CPU.Build.0 = Debug|Any CPU
		{13493F5C-F9AB-4F85-A45C-945F99CF2C39}.Release|Any CPU.ActiveCfg = Release|Any CPU
		{13493F5C-F9AB-4F85-A45C-945F99CF2C39}.Release|Any CPU.Build.0 = Release|Any CPU
		{9A9E51FB-3335-4377-ABF1-021B9B367506}.Debug|Any CPU.ActiveCfg = Debug|Any CPU
		{9A9E51FB-3335-4377-ABF1-021B9B367506}.Debug|Any CPU.Build.0 = Debug|Any CPU
		{9A9E51FB-3335-4377-ABF1-021B9B367506}.Release|Any CPU.ActiveCfg = Release|Any CPU
		{9A9E51FB-3335-4377-ABF1-021B9B367506}.Release|Any CPU.Build.0 = Release|Any CPU
		{2F6A2584-B187-420C-B314-A6756E1EE4AC}.Debug|Any CPU.ActiveCfg = Debug|Any CPU
		{2F6A2584-B187-420C-B314-A6756E1EE4AC}.Debug|Any CPU.Build.0 = Debug|Any CPU
		{2F6A2584-B187-420C-B314-A6756E1EE4AC}.Release|Any CPU.ActiveCfg = Release|Any CPU
		{2F6A2584-B187-420C-B314-A6756E1EE4AC}.Release|Any CPU.Build.0 = Release|Any CPU
		{286B36BF-C651-42C9-91DD-97E1420B0150}.Debug|Any CPU.ActiveCfg = Debug|Any CPU
		{286B36BF-C651-42C9-91DD-97E1420B0150}.Debug|Any CPU.Build.0 = Debug|Any CPU
		{286B36BF-C651-42C9-91DD-97E1420B0150}.Release|Any CPU.ActiveCfg = Release|Any CPU
		{286B36BF-C651-42C9-91DD-97E1420B0150}.Release|Any CPU.Build.0 = Release|Any CPU
		{E10740B3-1FE8-4534-841E-A214690C0E41}.Debug|Any CPU.ActiveCfg = Debug|Any CPU
		{E10740B3-1FE8-4534-841E-A214690C0E41}.Debug|Any CPU.Build.0 = Debug|Any CPU
		{E10740B3-1FE8-4534-841E-A214690C0E41}.Release|Any CPU.ActiveCfg = Release|Any CPU
		{E10740B3-1FE8-4534-841E-A214690C0E41}.Release|Any CPU.Build.0 = Release|Any CPU
		{024CA0B4-C12C-4185-81AD-722F916F7144}.Debug|Any CPU.ActiveCfg = Debug|Any CPU
		{024CA0B4-C12C-4185-81AD-722F916F7144}.Debug|Any CPU.Build.0 = Debug|Any CPU
		{024CA0B4-C12C-4185-81AD-722F916F7144}.Release|Any CPU.ActiveCfg = Release|Any CPU
		{024CA0B4-C12C-4185-81AD-722F916F7144}.Release|Any CPU.Build.0 = Release|Any CPU
		{87BE1ABF-1F59-41AB-A3CB-4B1E7E0B218A}.Debug|Any CPU.ActiveCfg = Debug|Any CPU
		{87BE1ABF-1F59-41AB-A3CB-4B1E7E0B218A}.Debug|Any CPU.Build.0 = Debug|Any CPU
		{87BE1ABF-1F59-41AB-A3CB-4B1E7E0B218A}.Release|Any CPU.ActiveCfg = Release|Any CPU
		{87BE1ABF-1F59-41AB-A3CB-4B1E7E0B218A}.Release|Any CPU.Build.0 = Release|Any CPU
		{D46F2170-663B-43F5-A7CF-6107DCDCCA0E}.Debug|Any CPU.ActiveCfg = Debug|Any CPU
		{D46F2170-663B-43F5-A7CF-6107DCDCCA0E}.Debug|Any CPU.Build.0 = Debug|Any CPU
		{D46F2170-663B-43F5-A7CF-6107DCDCCA0E}.Release|Any CPU.ActiveCfg = Release|Any CPU
		{D46F2170-663B-43F5-A7CF-6107DCDCCA0E}.Release|Any CPU.Build.0 = Release|Any CPU
		{A6072FB6-1B5F-4F27-B03B-C4E34D3FABD9}.Debug|Any CPU.ActiveCfg = Debug|Any CPU
		{A6072FB6-1B5F-4F27-B03B-C4E34D3FABD9}.Debug|Any CPU.Build.0 = Debug|Any CPU
		{A6072FB6-1B5F-4F27-B03B-C4E34D3FABD9}.Release|Any CPU.ActiveCfg = Release|Any CPU
		{A6072FB6-1B5F-4F27-B03B-C4E34D3FABD9}.Release|Any CPU.Build.0 = Release|Any CPU
		{4EC67F1E-D26F-41DD-A3B2-2FB7247CEBCE}.Debug|Any CPU.ActiveCfg = Debug|Any CPU
		{4EC67F1E-D26F-41DD-A3B2-2FB7247CEBCE}.Debug|Any CPU.Build.0 = Debug|Any CPU
		{4EC67F1E-D26F-41DD-A3B2-2FB7247CEBCE}.Release|Any CPU.ActiveCfg = Release|Any CPU
		{4EC67F1E-D26F-41DD-A3B2-2FB7247CEBCE}.Release|Any CPU.Build.0 = Release|Any CPU
		{BECBE9BA-02AD-40F8-8D24-30A59B9ED211}.Debug|Any CPU.ActiveCfg = Debug|Any CPU
		{BECBE9BA-02AD-40F8-8D24-30A59B9ED211}.Debug|Any CPU.Build.0 = Debug|Any CPU
		{BECBE9BA-02AD-40F8-8D24-30A59B9ED211}.Release|Any CPU.ActiveCfg = Release|Any CPU
		{BECBE9BA-02AD-40F8-8D24-30A59B9ED211}.Release|Any CPU.Build.0 = Release|Any CPU
		{B0AF62CF-8CC8-4440-ACCA-49D08243BDD5}.Debug|Any CPU.ActiveCfg = Debug|Any CPU
		{B0AF62CF-8CC8-4440-ACCA-49D08243BDD5}.Debug|Any CPU.Build.0 = Debug|Any CPU
		{B0AF62CF-8CC8-4440-ACCA-49D08243BDD5}.Release|Any CPU.ActiveCfg = Release|Any CPU
		{B0AF62CF-8CC8-4440-ACCA-49D08243BDD5}.Release|Any CPU.Build.0 = Release|Any CPU
		{399BF322-3A7B-4FD7-BFE7-089417ADF67F}.Debug|Any CPU.ActiveCfg = Debug|Any CPU
		{399BF322-3A7B-4FD7-BFE7-089417ADF67F}.Debug|Any CPU.Build.0 = Debug|Any CPU
		{399BF322-3A7B-4FD7-BFE7-089417ADF67F}.Release|Any CPU.ActiveCfg = Release|Any CPU
		{399BF322-3A7B-4FD7-BFE7-089417ADF67F}.Release|Any CPU.Build.0 = Release|Any CPU
		{6DFA750B-C9C6-40D9-88C6-DD572708D1B3}.Debug|Any CPU.ActiveCfg = Debug|Any CPU
		{6DFA750B-C9C6-40D9-88C6-DD572708D1B3}.Debug|Any CPU.Build.0 = Debug|Any CPU
		{6DFA750B-C9C6-40D9-88C6-DD572708D1B3}.Release|Any CPU.ActiveCfg = Release|Any CPU
		{6DFA750B-C9C6-40D9-88C6-DD572708D1B3}.Release|Any CPU.Build.0 = Release|Any CPU
	EndGlobalSection
	GlobalSection(SolutionProperties) = preSolution
		HideSolutionNode = FALSE
	EndGlobalSection
	GlobalSection(NestedProjects) = preSolution
		{CC762835-00EC-4280-842A-9C2AB8FE0548} = {A0E6DC69-53AE-4A62-A7D1-FF8A60CFE99C}
		{D2C104C4-915F-4AE0-8017-08407C2FF45F} = {A0E6DC69-53AE-4A62-A7D1-FF8A60CFE99C}
		{5CC32E49-D7B9-4E7C-B76B-9ED33CCDC695} = {CC762835-00EC-4280-842A-9C2AB8FE0548}
		{1F063701-14F4-4029-B975-FBF4E1406BBF} = {CC762835-00EC-4280-842A-9C2AB8FE0548}
		{08643841-F4AB-4246-BBFE-4B4430001E3A} = {CC762835-00EC-4280-842A-9C2AB8FE0548}
		{B3520FC9-67A6-4E4C-98C0-2D7B21E723E0} = {D2C104C4-915F-4AE0-8017-08407C2FF45F}
		{7DC689F5-732F-4A9D-BF6E-07D708B98DEB} = {D2C104C4-915F-4AE0-8017-08407C2FF45F}
		{B0E79DFD-79E9-40BA-B303-21E586E97FED} = {5CC32E49-D7B9-4E7C-B76B-9ED33CCDC695}
		{EA72BD2A-7670-4214-A27F-15DB043DFE31} = {5CC32E49-D7B9-4E7C-B76B-9ED33CCDC695}
		{943499A5-8A7A-41B3-A5D4-4E7B6A284BDE} = {5CC32E49-D7B9-4E7C-B76B-9ED33CCDC695}
		{F91D8144-D412-41F1-9AC7-692CE9B4D19E} = {08643841-F4AB-4246-BBFE-4B4430001E3A}
		{C4A58FA5-BCEC-430B-8CC8-59B559514564} = {08643841-F4AB-4246-BBFE-4B4430001E3A}
		{EDDD22D1-7456-4FC8-BBB9-58A639A7B805} = {08643841-F4AB-4246-BBFE-4B4430001E3A}
		{0345DB23-6C26-418C-9866-B3F19D3649EB} = {08643841-F4AB-4246-BBFE-4B4430001E3A}
		{6E479129-4EB9-4B55-B7E4-15AABF3EDB3A} = {08643841-F4AB-4246-BBFE-4B4430001E3A}
		{2DEE46AD-F29B-4809-9E0B-26DC1FCEF552} = {1F063701-14F4-4029-B975-FBF4E1406BBF}
		{B64DB90D-E003-4203-AF2D-0DF435396669} = {1F063701-14F4-4029-B975-FBF4E1406BBF}
		{B7AA3A4E-B72C-4458-8250-EC6712ACABD5} = {1F063701-14F4-4029-B975-FBF4E1406BBF}
		{3CE6EF90-37CD-4475-B05D-CADBC66D1704} = {B3520FC9-67A6-4E4C-98C0-2D7B21E723E0}
		{4BB14E46-08E2-4B0F-A4C5-E7DB3967097F} = {B3520FC9-67A6-4E4C-98C0-2D7B21E723E0}
		{7CE6A478-C9A6-4FAC-BC23-4E709C283E79} = {B3520FC9-67A6-4E4C-98C0-2D7B21E723E0}
		{F28E61EA-98C5-49E4-A74C-B89899D5C22F} = {7DC689F5-732F-4A9D-BF6E-07D708B98DEB}
		{760EE34E-EB8A-40BA-84E5-EC6C31C29E40} = {7DC689F5-732F-4A9D-BF6E-07D708B98DEB}
		{50657D6C-8B7A-444A-A667-7FD5BF24F980} = {7DC689F5-732F-4A9D-BF6E-07D708B98DEB}
		{BBD0344A-8D1D-40A6-90AB-6998848A0006} = {7DC689F5-732F-4A9D-BF6E-07D708B98DEB}
		{3D3B5847-C190-49E3-9270-3040A2988E64} = {C92EAFF5-B8AA-4D6A-856C-D47551A54C21}
		{091FE4D9-1DB6-4B83-B094-B7D50ED837EA} = {3D3B5847-C190-49E3-9270-3040A2988E64}
		{AFE92B1C-BD1F-4F44-B142-6B0381FBDC02} = {091FE4D9-1DB6-4B83-B094-B7D50ED837EA}
		{7A10ED8B-743D-4265-BDBD-66CD0A96DF51} = {091FE4D9-1DB6-4B83-B094-B7D50ED837EA}
		{2FECC648-6D80-4542-9C34-3F3629180BEE} = {091FE4D9-1DB6-4B83-B094-B7D50ED837EA}
		{30EAE082-3F63-4E0F-BC27-BB03455BD352} = {3D3B5847-C190-49E3-9270-3040A2988E64}
		{33ED5779-9B79-4E25-8261-5256E4F046A2} = {30EAE082-3F63-4E0F-BC27-BB03455BD352}
		{FFA03AA9-9702-46E8-AD37-BD782FDF2AAC} = {30EAE082-3F63-4E0F-BC27-BB03455BD352}
		{B0F25201-9067-439B-B903-4BF1A0AEFE7C} = {30EAE082-3F63-4E0F-BC27-BB03455BD352}
		{E7114C53-7E42-468E-996C-BB647BFC182D} = {30EAE082-3F63-4E0F-BC27-BB03455BD352}
		{0B7F4BA6-6BC1-4E42-9B09-BB99904C7E24} = {C92EAFF5-B8AA-4D6A-856C-D47551A54C21}
		{E9B633BC-8FF2-4A0A-9587-E4B083D48963} = {0B7F4BA6-6BC1-4E42-9B09-BB99904C7E24}
		{F96328FF-C863-4BEC-8E6E-EFBE82DA22BA} = {0B7F4BA6-6BC1-4E42-9B09-BB99904C7E24}
		{2C6D0F0C-789C-4472-8CC5-C0E8726F6FD3} = {0B7F4BA6-6BC1-4E42-9B09-BB99904C7E24}
		{34C8D4D0-5060-4E50-B6FF-4C16CE298C34} = {0B7F4BA6-6BC1-4E42-9B09-BB99904C7E24}
		{4CF756CE-64AA-4E04-9436-AF7C97A43386} = {1F063701-14F4-4029-B975-FBF4E1406BBF}
		{404DE142-2B8F-4859-8C5F-8124A3540BE4} = {0B7F4BA6-6BC1-4E42-9B09-BB99904C7E24}
		{7668B9F6-E050-42BA-99E4-A397CA3DFA85} = {404DE142-2B8F-4859-8C5F-8124A3540BE4}
		{FB17C4BA-7FB9-411D-8C16-E551E220EDB0} = {404DE142-2B8F-4859-8C5F-8124A3540BE4}
		{612CB0FF-1CED-49A1-9FF2-0E9C98F2B2AB} = {404DE142-2B8F-4859-8C5F-8124A3540BE4}
		{D2B9B0DB-780B-4E9B-BB9B-56560CEF17F6} = {0B7F4BA6-6BC1-4E42-9B09-BB99904C7E24}
		{6E1F2E5E-AD2B-482B-B835-58798A6AA5C7} = {0B7F4BA6-6BC1-4E42-9B09-BB99904C7E24}
		{CB464000-F87D-44A4-8BF5-C6A287054B25} = {0B7F4BA6-6BC1-4E42-9B09-BB99904C7E24}
		{ECF0690D-B337-4D7E-B2B1-6E4DDB7BAD52} = {CB464000-F87D-44A4-8BF5-C6A287054B25}
		{699AC191-D620-4AA9-822C-DFD95935C148} = {CB464000-F87D-44A4-8BF5-C6A287054B25}
		{189496FE-7105-42EA-9DA7-F8BB6C3A872B} = {CB464000-F87D-44A4-8BF5-C6A287054B25}
		{A985A11F-D0B5-420F-94B6-EF2F6A9B4167} = {0B7F4BA6-6BC1-4E42-9B09-BB99904C7E24}
		{A149395B-8E54-45D4-83FE-0408EC58F82F} = {A985A11F-D0B5-420F-94B6-EF2F6A9B4167}
		{13493F5C-F9AB-4F85-A45C-945F99CF2C39} = {A985A11F-D0B5-420F-94B6-EF2F6A9B4167}
		{B94E6E9F-0F7F-4FBF-9000-46A4DC5B2970} = {0B7F4BA6-6BC1-4E42-9B09-BB99904C7E24}
		{9A9E51FB-3335-4377-ABF1-021B9B367506} = {B94E6E9F-0F7F-4FBF-9000-46A4DC5B2970}
		{2F6A2584-B187-420C-B314-A6756E1EE4AC} = {B94E6E9F-0F7F-4FBF-9000-46A4DC5B2970}
		{52768F37-A6FE-470D-A244-C35A7465521D} = {0B7F4BA6-6BC1-4E42-9B09-BB99904C7E24}
		{286B36BF-C651-42C9-91DD-97E1420B0150} = {52768F37-A6FE-470D-A244-C35A7465521D}
		{E10740B3-1FE8-4534-841E-A214690C0E41} = {52768F37-A6FE-470D-A244-C35A7465521D}
		{5F98E315-517D-4EF1-AB6E-CAF958FE33F6} = {0B7F4BA6-6BC1-4E42-9B09-BB99904C7E24}
		{024CA0B4-C12C-4185-81AD-722F916F7144} = {5F98E315-517D-4EF1-AB6E-CAF958FE33F6}
		{87BE1ABF-1F59-41AB-A3CB-4B1E7E0B218A} = {5F98E315-517D-4EF1-AB6E-CAF958FE33F6}
		{D46F2170-663B-43F5-A7CF-6107DCDCCA0E} = {9AB83A62-72D4-4DF7-A475-5AAD20AB413E}
		{A6072FB6-1B5F-4F27-B03B-C4E34D3FABD9} = {6F6602B9-3C53-4909-A339-D93AC3F8DC0C}
		{4EC67F1E-D26F-41DD-A3B2-2FB7247CEBCE} = {6F6602B9-3C53-4909-A339-D93AC3F8DC0C}
		{BECBE9BA-02AD-40F8-8D24-30A59B9ED211} = {6F6602B9-3C53-4909-A339-D93AC3F8DC0C}
		{B0AF62CF-8CC8-4440-ACCA-49D08243BDD5} = {6F6602B9-3C53-4909-A339-D93AC3F8DC0C}
		{399BF322-3A7B-4FD7-BFE7-089417ADF67F} = {6F6602B9-3C53-4909-A339-D93AC3F8DC0C}
		{6DFA750B-C9C6-40D9-88C6-DD572708D1B3} = {6F6602B9-3C53-4909-A339-D93AC3F8DC0C}
	EndGlobalSection
EndGlobal
